
Microsoft Visual Studio Solution File, Format Version 12.00
# Visual Studio Version 16
VisualStudioVersion = 16.0.29519.87
MinimumVisualStudioVersion = 10.0.40219.1
Project("{2150E333-8FDC-42A3-9474-1A3956D46DE8}") = "Solution Items", "Solution Items", "{04D29538-2776-4C78-8267-BFDF76A7C818}"
	ProjectSection(SolutionItems) = preProject
		..\.gitignore = ..\.gitignore
		..\.gitlab-ci.yml = ..\.gitlab-ci.yml
		build.cmd = build.cmd
		clean.cmd = clean.cmd
		..\license.md = ..\license.md
		..\readme.md = ..\readme.md
	EndProjectSection
EndProject
Project("{9A19103F-16F7-4668-BE54-9A1E7A4F7556}") = "Bhbk.Cli.Alert", "Bhbk.Cli.Alert\Bhbk.Cli.Alert.csproj", "{B1C77BDD-84E9-4EAE-B6C7-2241623D090C}"
EndProject
Project("{9A19103F-16F7-4668-BE54-9A1E7A4F7556}") = "Bhbk.Cli.Identity", "Bhbk.Cli.Identity\Bhbk.Cli.Identity.csproj", "{6F098B92-2647-4585-A421-F0A915F3F84C}"
EndProject
Project("{9A19103F-16F7-4668-BE54-9A1E7A4F7556}") = "Bhbk.Lib.Identity", "Bhbk.Lib.Identity\Bhbk.Lib.Identity.csproj", "{D594F163-1EBC-4647-B639-A25EA34F7677}"
EndProject
Project("{9A19103F-16F7-4668-BE54-9A1E7A4F7556}") = "Bhbk.Lib.Identity.Data", "Bhbk.Lib.Identity.Data\Bhbk.Lib.Identity.Data.csproj", "{34C8DE7D-2D9D-47B1-A175-553B3ECE3001}"
EndProject
Project("{9A19103F-16F7-4668-BE54-9A1E7A4F7556}") = "Bhbk.Lib.Identity.Data.Tests", "Bhbk.Lib.Identity.Data.Tests\Bhbk.Lib.Identity.Data.Tests.csproj", "{77ADEBFE-21E5-4792-A0D3-F343C34971FB}"
EndProject
Project("{FAE04EC0-301F-11D3-BF4B-00C04F79EFBC}") = "Bhbk.Lib.Identity.Data_EF6", "Bhbk.Lib.Identity.Data_EF6\Bhbk.Lib.Identity.Data_EF6.csproj", "{B1E4143E-D7CF-4FC8-8D6D-2CACBD51D145}"
EndProject
Project("{9A19103F-16F7-4668-BE54-9A1E7A4F7556}") = "Bhbk.Lib.Identity.Data_EF6.Tests", "Bhbk.Lib.Identity.Data_EF6.Tests\Bhbk.Lib.Identity.Data_EF6.Tests.csproj", "{1002995F-6AF8-4952-9435-BEAFA24CD8FF}"
EndProject
Project("{9A19103F-16F7-4668-BE54-9A1E7A4F7556}") = "Bhbk.Lib.Identity.Domain", "Bhbk.Lib.Identity.Domain\Bhbk.Lib.Identity.Domain.csproj", "{E4A82E68-3092-4958-BA9F-677CB40B6D53}"
EndProject
Project("{00D1A9C2-B5F0-4AF3-8072-F6C62B433612}") = "Bhbk.Mssql.Identity", "Bhbk.Mssql.Identity\Bhbk.Mssql.Identity.sqlproj", "{B707B63B-2F49-4E67-9EAB-DD667FB8944C}"
EndProject
Project("{9A19103F-16F7-4668-BE54-9A1E7A4F7556}") = "Bhbk.WebApi.Alert", "Bhbk.WebApi.Alert\Bhbk.WebApi.Alert.csproj", "{C29E7992-0CE8-47BE-B730-8CAC719D42FC}"
EndProject
Project("{9A19103F-16F7-4668-BE54-9A1E7A4F7556}") = "Bhbk.WebApi.Alert.Tests", "Bhbk.WebApi.Alert.Tests\Bhbk.WebApi.Alert.Tests.csproj", "{B2A83CEE-C04E-4510-BA1A-86C24AA4EFFB}"
EndProject
Project("{9A19103F-16F7-4668-BE54-9A1E7A4F7556}") = "Bhbk.WebApi.Identity.Admin", "Bhbk.WebApi.Identity.Admin\Bhbk.WebApi.Identity.Admin.csproj", "{6D12E56A-5AEB-4CC2-A2B5-F545B7E32F42}"
EndProject
Project("{9A19103F-16F7-4668-BE54-9A1E7A4F7556}") = "Bhbk.WebApi.Identity.Admin.Tests", "Bhbk.WebApi.Identity.Admin.Tests\Bhbk.WebApi.Identity.Admin.Tests.csproj", "{16F3234E-CCCD-4AFD-9D34-A07613A3700A}"
EndProject
Project("{9A19103F-16F7-4668-BE54-9A1E7A4F7556}") = "Bhbk.WebApi.Identity.Me", "Bhbk.WebApi.Identity.Me\Bhbk.WebApi.Identity.Me.csproj", "{A63B4DA4-91DD-48EA-9E00-6DCD66A989B4}"
EndProject
Project("{9A19103F-16F7-4668-BE54-9A1E7A4F7556}") = "Bhbk.WebApi.Identity.Me.Tests", "Bhbk.WebApi.Identity.Me.Tests\Bhbk.WebApi.Identity.Me.Tests.csproj", "{F33E52C0-8247-4FF0-9BFA-07165FB61538}"
EndProject
Project("{9A19103F-16F7-4668-BE54-9A1E7A4F7556}") = "Bhbk.WebApi.Identity.Sts", "Bhbk.WebApi.Identity.Sts\Bhbk.WebApi.Identity.Sts.csproj", "{6546AE76-6641-4351-8D7A-3F8A4CA757B9}"
EndProject
Project("{9A19103F-16F7-4668-BE54-9A1E7A4F7556}") = "Bhbk.WebApi.Identity.Sts.Tests", "Bhbk.WebApi.Identity.Sts.Tests\Bhbk.WebApi.Identity.Sts.Tests.csproj", "{EDA28DD0-D73B-488F-B017-E03BDEA993EC}"
EndProject
Global
	GlobalSection(SolutionConfigurationPlatforms) = preSolution
		Debug|Any CPU = Debug|Any CPU
		Debug|x64 = Debug|x64
		Debug|x86 = Debug|x86
		Release|Any CPU = Release|Any CPU
		Release|x64 = Release|x64
		Release|x86 = Release|x86
	EndGlobalSection
	GlobalSection(ProjectConfigurationPlatforms) = postSolution
		{B1C77BDD-84E9-4EAE-B6C7-2241623D090C}.Debug|Any CPU.ActiveCfg = Debug|Any CPU
		{B1C77BDD-84E9-4EAE-B6C7-2241623D090C}.Debug|Any CPU.Build.0 = Debug|Any CPU
		{B1C77BDD-84E9-4EAE-B6C7-2241623D090C}.Debug|x64.ActiveCfg = Debug|x64
		{B1C77BDD-84E9-4EAE-B6C7-2241623D090C}.Debug|x64.Build.0 = Debug|x64
		{B1C77BDD-84E9-4EAE-B6C7-2241623D090C}.Debug|x86.ActiveCfg = Debug|x86
		{B1C77BDD-84E9-4EAE-B6C7-2241623D090C}.Debug|x86.Build.0 = Debug|x86
		{B1C77BDD-84E9-4EAE-B6C7-2241623D090C}.Release|Any CPU.ActiveCfg = Release|Any CPU
		{B1C77BDD-84E9-4EAE-B6C7-2241623D090C}.Release|Any CPU.Build.0 = Release|Any CPU
		{B1C77BDD-84E9-4EAE-B6C7-2241623D090C}.Release|x64.ActiveCfg = Release|x64
		{B1C77BDD-84E9-4EAE-B6C7-2241623D090C}.Release|x64.Build.0 = Release|x64
		{B1C77BDD-84E9-4EAE-B6C7-2241623D090C}.Release|x86.ActiveCfg = Release|Any CPU
		{B1C77BDD-84E9-4EAE-B6C7-2241623D090C}.Release|x86.Build.0 = Release|Any CPU
		{6F098B92-2647-4585-A421-F0A915F3F84C}.Debug|Any CPU.ActiveCfg = Debug|Any CPU
		{6F098B92-2647-4585-A421-F0A915F3F84C}.Debug|Any CPU.Build.0 = Debug|Any CPU
		{6F098B92-2647-4585-A421-F0A915F3F84C}.Debug|x64.ActiveCfg = Debug|x64
		{6F098B92-2647-4585-A421-F0A915F3F84C}.Debug|x64.Build.0 = Debug|x64
		{6F098B92-2647-4585-A421-F0A915F3F84C}.Debug|x86.ActiveCfg = Debug|x86
		{6F098B92-2647-4585-A421-F0A915F3F84C}.Debug|x86.Build.0 = Debug|x86
		{6F098B92-2647-4585-A421-F0A915F3F84C}.Release|Any CPU.ActiveCfg = Release|Any CPU
		{6F098B92-2647-4585-A421-F0A915F3F84C}.Release|Any CPU.Build.0 = Release|Any CPU
		{6F098B92-2647-4585-A421-F0A915F3F84C}.Release|x64.ActiveCfg = Release|x64
		{6F098B92-2647-4585-A421-F0A915F3F84C}.Release|x64.Build.0 = Release|x64
		{6F098B92-2647-4585-A421-F0A915F3F84C}.Release|x86.ActiveCfg = Release|x86
		{6F098B92-2647-4585-A421-F0A915F3F84C}.Release|x86.Build.0 = Release|x86
		{D594F163-1EBC-4647-B639-A25EA34F7677}.Debug|Any CPU.ActiveCfg = Debug|Any CPU
		{D594F163-1EBC-4647-B639-A25EA34F7677}.Debug|Any CPU.Build.0 = Debug|Any CPU
		{D594F163-1EBC-4647-B639-A25EA34F7677}.Debug|x64.ActiveCfg = Debug|x64
		{D594F163-1EBC-4647-B639-A25EA34F7677}.Debug|x64.Build.0 = Debug|x64
		{D594F163-1EBC-4647-B639-A25EA34F7677}.Debug|x86.ActiveCfg = Debug|x86
		{D594F163-1EBC-4647-B639-A25EA34F7677}.Debug|x86.Build.0 = Debug|x86
		{D594F163-1EBC-4647-B639-A25EA34F7677}.Release|Any CPU.ActiveCfg = Release|Any CPU
		{D594F163-1EBC-4647-B639-A25EA34F7677}.Release|Any CPU.Build.0 = Release|Any CPU
		{D594F163-1EBC-4647-B639-A25EA34F7677}.Release|x64.ActiveCfg = Release|x64
		{D594F163-1EBC-4647-B639-A25EA34F7677}.Release|x64.Build.0 = Release|x64
		{D594F163-1EBC-4647-B639-A25EA34F7677}.Release|x86.ActiveCfg = Release|x86
		{D594F163-1EBC-4647-B639-A25EA34F7677}.Release|x86.Build.0 = Release|x86
		{B1E4143E-D7CF-4FC8-8D6D-2CACBD51D145}.Debug|Any CPU.ActiveCfg = Debug|Any CPU
		{B1E4143E-D7CF-4FC8-8D6D-2CACBD51D145}.Debug|Any CPU.Build.0 = Debug|Any CPU
		{B1E4143E-D7CF-4FC8-8D6D-2CACBD51D145}.Debug|x64.ActiveCfg = Debug|x64
		{B1E4143E-D7CF-4FC8-8D6D-2CACBD51D145}.Debug|x64.Build.0 = Debug|x64
		{B1E4143E-D7CF-4FC8-8D6D-2CACBD51D145}.Debug|x86.ActiveCfg = Debug|x86
		{B1E4143E-D7CF-4FC8-8D6D-2CACBD51D145}.Debug|x86.Build.0 = Debug|x86
		{B1E4143E-D7CF-4FC8-8D6D-2CACBD51D145}.Release|Any CPU.ActiveCfg = Release|Any CPU
		{B1E4143E-D7CF-4FC8-8D6D-2CACBD51D145}.Release|Any CPU.Build.0 = Release|Any CPU
		{B1E4143E-D7CF-4FC8-8D6D-2CACBD51D145}.Release|x64.ActiveCfg = Release|x64
		{B1E4143E-D7CF-4FC8-8D6D-2CACBD51D145}.Release|x64.Build.0 = Release|x64
		{B1E4143E-D7CF-4FC8-8D6D-2CACBD51D145}.Release|x86.ActiveCfg = Release|x86
		{B1E4143E-D7CF-4FC8-8D6D-2CACBD51D145}.Release|x86.Build.0 = Release|x86
		{1002995F-6AF8-4952-9435-BEAFA24CD8FF}.Debug|Any CPU.ActiveCfg = Debug|Any CPU
		{1002995F-6AF8-4952-9435-BEAFA24CD8FF}.Debug|Any CPU.Build.0 = Debug|Any CPU
		{1002995F-6AF8-4952-9435-BEAFA24CD8FF}.Debug|x64.ActiveCfg = Debug|x64
		{1002995F-6AF8-4952-9435-BEAFA24CD8FF}.Debug|x64.Build.0 = Debug|x64
		{1002995F-6AF8-4952-9435-BEAFA24CD8FF}.Debug|x86.ActiveCfg = Debug|x86
		{1002995F-6AF8-4952-9435-BEAFA24CD8FF}.Debug|x86.Build.0 = Debug|x86
		{1002995F-6AF8-4952-9435-BEAFA24CD8FF}.Release|Any CPU.ActiveCfg = Release|Any CPU
		{1002995F-6AF8-4952-9435-BEAFA24CD8FF}.Release|Any CPU.Build.0 = Release|Any CPU
		{1002995F-6AF8-4952-9435-BEAFA24CD8FF}.Release|x64.ActiveCfg = Release|x64
		{1002995F-6AF8-4952-9435-BEAFA24CD8FF}.Release|x64.Build.0 = Release|x64
		{1002995F-6AF8-4952-9435-BEAFA24CD8FF}.Release|x86.ActiveCfg = Release|x86
		{1002995F-6AF8-4952-9435-BEAFA24CD8FF}.Release|x86.Build.0 = Release|x86
		{34C8DE7D-2D9D-47B1-A175-553B3ECE3001}.Debug|Any CPU.ActiveCfg = Debug|Any CPU
		{34C8DE7D-2D9D-47B1-A175-553B3ECE3001}.Debug|Any CPU.Build.0 = Debug|Any CPU
		{34C8DE7D-2D9D-47B1-A175-553B3ECE3001}.Debug|x64.ActiveCfg = Debug|x64
		{34C8DE7D-2D9D-47B1-A175-553B3ECE3001}.Debug|x64.Build.0 = Debug|x64
		{34C8DE7D-2D9D-47B1-A175-553B3ECE3001}.Debug|x86.ActiveCfg = Debug|x86
		{34C8DE7D-2D9D-47B1-A175-553B3ECE3001}.Debug|x86.Build.0 = Debug|x86
		{34C8DE7D-2D9D-47B1-A175-553B3ECE3001}.Release|Any CPU.ActiveCfg = Release|Any CPU
		{34C8DE7D-2D9D-47B1-A175-553B3ECE3001}.Release|Any CPU.Build.0 = Release|Any CPU
		{34C8DE7D-2D9D-47B1-A175-553B3ECE3001}.Release|x64.ActiveCfg = Release|x64
		{34C8DE7D-2D9D-47B1-A175-553B3ECE3001}.Release|x64.Build.0 = Release|x64
		{34C8DE7D-2D9D-47B1-A175-553B3ECE3001}.Release|x86.ActiveCfg = Release|x86
		{34C8DE7D-2D9D-47B1-A175-553B3ECE3001}.Release|x86.Build.0 = Release|x86
		{77ADEBFE-21E5-4792-A0D3-F343C34971FB}.Debug|Any CPU.ActiveCfg = Debug|Any CPU
		{77ADEBFE-21E5-4792-A0D3-F343C34971FB}.Debug|Any CPU.Build.0 = Debug|Any CPU
		{77ADEBFE-21E5-4792-A0D3-F343C34971FB}.Debug|x64.ActiveCfg = Debug|x64
		{77ADEBFE-21E5-4792-A0D3-F343C34971FB}.Debug|x64.Build.0 = Debug|x64
		{77ADEBFE-21E5-4792-A0D3-F343C34971FB}.Debug|x86.ActiveCfg = Debug|x86
		{77ADEBFE-21E5-4792-A0D3-F343C34971FB}.Debug|x86.Build.0 = Debug|x86
		{77ADEBFE-21E5-4792-A0D3-F343C34971FB}.Release|Any CPU.ActiveCfg = Release|Any CPU
		{77ADEBFE-21E5-4792-A0D3-F343C34971FB}.Release|Any CPU.Build.0 = Release|Any CPU
		{77ADEBFE-21E5-4792-A0D3-F343C34971FB}.Release|x64.ActiveCfg = Release|x64
		{77ADEBFE-21E5-4792-A0D3-F343C34971FB}.Release|x64.Build.0 = Release|x64
		{77ADEBFE-21E5-4792-A0D3-F343C34971FB}.Release|x86.ActiveCfg = Release|x86
		{77ADEBFE-21E5-4792-A0D3-F343C34971FB}.Release|x86.Build.0 = Release|x86
		{E4A82E68-3092-4958-BA9F-677CB40B6D53}.Debug|Any CPU.ActiveCfg = Debug|Any CPU
		{E4A82E68-3092-4958-BA9F-677CB40B6D53}.Debug|Any CPU.Build.0 = Debug|Any CPU
		{E4A82E68-3092-4958-BA9F-677CB40B6D53}.Debug|x64.ActiveCfg = Debug|x64
		{E4A82E68-3092-4958-BA9F-677CB40B6D53}.Debug|x64.Build.0 = Debug|x64
		{E4A82E68-3092-4958-BA9F-677CB40B6D53}.Debug|x86.ActiveCfg = Debug|x86
		{E4A82E68-3092-4958-BA9F-677CB40B6D53}.Debug|x86.Build.0 = Debug|x86
		{E4A82E68-3092-4958-BA9F-677CB40B6D53}.Release|Any CPU.ActiveCfg = Release|Any CPU
		{E4A82E68-3092-4958-BA9F-677CB40B6D53}.Release|Any CPU.Build.0 = Release|Any CPU
		{E4A82E68-3092-4958-BA9F-677CB40B6D53}.Release|x64.ActiveCfg = Release|x64
		{E4A82E68-3092-4958-BA9F-677CB40B6D53}.Release|x64.Build.0 = Release|x64
		{E4A82E68-3092-4958-BA9F-677CB40B6D53}.Release|x86.ActiveCfg = Release|x86
		{E4A82E68-3092-4958-BA9F-677CB40B6D53}.Release|x86.Build.0 = Release|x86
		{B707B63B-2F49-4E67-9EAB-DD667FB8944C}.Debug|Any CPU.ActiveCfg = Debug|Any CPU
		{B707B63B-2F49-4E67-9EAB-DD667FB8944C}.Debug|x64.ActiveCfg = Debug|x64
		{B707B63B-2F49-4E67-9EAB-DD667FB8944C}.Debug|x86.ActiveCfg = Debug|x86
		{B707B63B-2F49-4E67-9EAB-DD667FB8944C}.Release|Any CPU.ActiveCfg = Release|Any CPU
		{B707B63B-2F49-4E67-9EAB-DD667FB8944C}.Release|x64.ActiveCfg = Release|x64
		{B707B63B-2F49-4E67-9EAB-DD667FB8944C}.Release|x86.ActiveCfg = Release|x86
		{C29E7992-0CE8-47BE-B730-8CAC719D42FC}.Debug|Any CPU.ActiveCfg = Debug|Any CPU
		{C29E7992-0CE8-47BE-B730-8CAC719D42FC}.Debug|Any CPU.Build.0 = Debug|Any CPU
		{C29E7992-0CE8-47BE-B730-8CAC719D42FC}.Debug|x64.ActiveCfg = Debug|x64
		{C29E7992-0CE8-47BE-B730-8CAC719D42FC}.Debug|x64.Build.0 = Debug|x64
		{C29E7992-0CE8-47BE-B730-8CAC719D42FC}.Debug|x86.ActiveCfg = Debug|x86
		{C29E7992-0CE8-47BE-B730-8CAC719D42FC}.Debug|x86.Build.0 = Debug|x86
		{C29E7992-0CE8-47BE-B730-8CAC719D42FC}.Release|Any CPU.ActiveCfg = Release|Any CPU
		{C29E7992-0CE8-47BE-B730-8CAC719D42FC}.Release|Any CPU.Build.0 = Release|Any CPU
		{C29E7992-0CE8-47BE-B730-8CAC719D42FC}.Release|x64.ActiveCfg = Release|x64
		{C29E7992-0CE8-47BE-B730-8CAC719D42FC}.Release|x64.Build.0 = Release|x64
		{C29E7992-0CE8-47BE-B730-8CAC719D42FC}.Release|x86.ActiveCfg = Release|x86
		{C29E7992-0CE8-47BE-B730-8CAC719D42FC}.Release|x86.Build.0 = Release|x86
		{B2A83CEE-C04E-4510-BA1A-86C24AA4EFFB}.Debug|Any CPU.ActiveCfg = Debug|Any CPU
		{B2A83CEE-C04E-4510-BA1A-86C24AA4EFFB}.Debug|Any CPU.Build.0 = Debug|Any CPU
		{B2A83CEE-C04E-4510-BA1A-86C24AA4EFFB}.Debug|x64.ActiveCfg = Debug|x64
		{B2A83CEE-C04E-4510-BA1A-86C24AA4EFFB}.Debug|x64.Build.0 = Debug|x64
		{B2A83CEE-C04E-4510-BA1A-86C24AA4EFFB}.Debug|x86.ActiveCfg = Debug|x86
		{B2A83CEE-C04E-4510-BA1A-86C24AA4EFFB}.Debug|x86.Build.0 = Debug|x86
		{B2A83CEE-C04E-4510-BA1A-86C24AA4EFFB}.Release|Any CPU.ActiveCfg = Release|Any CPU
		{B2A83CEE-C04E-4510-BA1A-86C24AA4EFFB}.Release|Any CPU.Build.0 = Release|Any CPU
		{B2A83CEE-C04E-4510-BA1A-86C24AA4EFFB}.Release|x64.ActiveCfg = Release|x64
		{B2A83CEE-C04E-4510-BA1A-86C24AA4EFFB}.Release|x64.Build.0 = Release|x64
		{B2A83CEE-C04E-4510-BA1A-86C24AA4EFFB}.Release|x86.ActiveCfg = Release|x86
		{B2A83CEE-C04E-4510-BA1A-86C24AA4EFFB}.Release|x86.Build.0 = Release|x86
		{6D12E56A-5AEB-4CC2-A2B5-F545B7E32F42}.Debug|Any CPU.ActiveCfg = Debug|Any CPU
		{6D12E56A-5AEB-4CC2-A2B5-F545B7E32F42}.Debug|Any CPU.Build.0 = Debug|Any CPU
		{6D12E56A-5AEB-4CC2-A2B5-F545B7E32F42}.Debug|x64.ActiveCfg = Debug|x64
		{6D12E56A-5AEB-4CC2-A2B5-F545B7E32F42}.Debug|x64.Build.0 = Debug|x64
		{6D12E56A-5AEB-4CC2-A2B5-F545B7E32F42}.Debug|x86.ActiveCfg = Debug|x86
		{6D12E56A-5AEB-4CC2-A2B5-F545B7E32F42}.Debug|x86.Build.0 = Debug|x86
		{6D12E56A-5AEB-4CC2-A2B5-F545B7E32F42}.Release|Any CPU.ActiveCfg = Release|Any CPU
		{6D12E56A-5AEB-4CC2-A2B5-F545B7E32F42}.Release|Any CPU.Build.0 = Release|Any CPU
		{6D12E56A-5AEB-4CC2-A2B5-F545B7E32F42}.Release|x64.ActiveCfg = Release|x64
		{6D12E56A-5AEB-4CC2-A2B5-F545B7E32F42}.Release|x64.Build.0 = Release|x64
		{6D12E56A-5AEB-4CC2-A2B5-F545B7E32F42}.Release|x86.ActiveCfg = Release|x86
		{6D12E56A-5AEB-4CC2-A2B5-F545B7E32F42}.Release|x86.Build.0 = Release|x86
		{16F3234E-CCCD-4AFD-9D34-A07613A3700A}.Debug|Any CPU.ActiveCfg = Debug|Any CPU
		{16F3234E-CCCD-4AFD-9D34-A07613A3700A}.Debug|Any CPU.Build.0 = Debug|Any CPU
		{16F3234E-CCCD-4AFD-9D34-A07613A3700A}.Debug|x64.ActiveCfg = Debug|x64
		{16F3234E-CCCD-4AFD-9D34-A07613A3700A}.Debug|x64.Build.0 = Debug|x64
		{16F3234E-CCCD-4AFD-9D34-A07613A3700A}.Debug|x86.ActiveCfg = Debug|x86
		{16F3234E-CCCD-4AFD-9D34-A07613A3700A}.Debug|x86.Build.0 = Debug|x86
		{16F3234E-CCCD-4AFD-9D34-A07613A3700A}.Release|Any CPU.ActiveCfg = Release|Any CPU
		{16F3234E-CCCD-4AFD-9D34-A07613A3700A}.Release|Any CPU.Build.0 = Release|Any CPU
		{16F3234E-CCCD-4AFD-9D34-A07613A3700A}.Release|x64.ActiveCfg = Release|x64
		{16F3234E-CCCD-4AFD-9D34-A07613A3700A}.Release|x64.Build.0 = Release|x64
		{16F3234E-CCCD-4AFD-9D34-A07613A3700A}.Release|x86.ActiveCfg = Release|x86
		{16F3234E-CCCD-4AFD-9D34-A07613A3700A}.Release|x86.Build.0 = Release|x86
		{A63B4DA4-91DD-48EA-9E00-6DCD66A989B4}.Debug|Any CPU.ActiveCfg = Debug|Any CPU
		{A63B4DA4-91DD-48EA-9E00-6DCD66A989B4}.Debug|Any CPU.Build.0 = Debug|Any CPU
		{A63B4DA4-91DD-48EA-9E00-6DCD66A989B4}.Debug|x64.ActiveCfg = Debug|x64
		{A63B4DA4-91DD-48EA-9E00-6DCD66A989B4}.Debug|x64.Build.0 = Debug|x64
		{A63B4DA4-91DD-48EA-9E00-6DCD66A989B4}.Debug|x86.ActiveCfg = Debug|x86
		{A63B4DA4-91DD-48EA-9E00-6DCD66A989B4}.Debug|x86.Build.0 = Debug|x86
		{A63B4DA4-91DD-48EA-9E00-6DCD66A989B4}.Release|Any CPU.ActiveCfg = Release|Any CPU
		{A63B4DA4-91DD-48EA-9E00-6DCD66A989B4}.Release|Any CPU.Build.0 = Release|Any CPU
		{A63B4DA4-91DD-48EA-9E00-6DCD66A989B4}.Release|x64.ActiveCfg = Release|x64
		{A63B4DA4-91DD-48EA-9E00-6DCD66A989B4}.Release|x64.Build.0 = Release|x64
		{A63B4DA4-91DD-48EA-9E00-6DCD66A989B4}.Release|x86.ActiveCfg = Release|x86
		{A63B4DA4-91DD-48EA-9E00-6DCD66A989B4}.Release|x86.Build.0 = Release|x86
		{F33E52C0-8247-4FF0-9BFA-07165FB61538}.Debug|Any CPU.ActiveCfg = Debug|Any CPU
		{F33E52C0-8247-4FF0-9BFA-07165FB61538}.Debug|Any CPU.Build.0 = Debug|Any CPU
		{F33E52C0-8247-4FF0-9BFA-07165FB61538}.Debug|x64.ActiveCfg = Debug|x64
		{F33E52C0-8247-4FF0-9BFA-07165FB61538}.Debug|x64.Build.0 = Debug|x64
		{F33E52C0-8247-4FF0-9BFA-07165FB61538}.Debug|x86.ActiveCfg = Debug|x86
		{F33E52C0-8247-4FF0-9BFA-07165FB61538}.Debug|x86.Build.0 = Debug|x86
		{F33E52C0-8247-4FF0-9BFA-07165FB61538}.Release|Any CPU.ActiveCfg = Release|Any CPU
		{F33E52C0-8247-4FF0-9BFA-07165FB61538}.Release|Any CPU.Build.0 = Release|Any CPU
		{F33E52C0-8247-4FF0-9BFA-07165FB61538}.Release|x64.ActiveCfg = Release|x64
		{F33E52C0-8247-4FF0-9BFA-07165FB61538}.Release|x64.Build.0 = Release|x64
		{F33E52C0-8247-4FF0-9BFA-07165FB61538}.Release|x86.ActiveCfg = Release|x86
		{F33E52C0-8247-4FF0-9BFA-07165FB61538}.Release|x86.Build.0 = Release|x86
		{6546AE76-6641-4351-8D7A-3F8A4CA757B9}.Debug|Any CPU.ActiveCfg = Debug|Any CPU
		{6546AE76-6641-4351-8D7A-3F8A4CA757B9}.Debug|Any CPU.Build.0 = Debug|Any CPU
		{6546AE76-6641-4351-8D7A-3F8A4CA757B9}.Debug|x64.ActiveCfg = Debug|x64
		{6546AE76-6641-4351-8D7A-3F8A4CA757B9}.Debug|x64.Build.0 = Debug|x64
		{6546AE76-6641-4351-8D7A-3F8A4CA757B9}.Debug|x86.ActiveCfg = Debug|x86
		{6546AE76-6641-4351-8D7A-3F8A4CA757B9}.Debug|x86.Build.0 = Debug|x86
		{6546AE76-6641-4351-8D7A-3F8A4CA757B9}.Release|Any CPU.ActiveCfg = Release|Any CPU
		{6546AE76-6641-4351-8D7A-3F8A4CA757B9}.Release|Any CPU.Build.0 = Release|Any CPU
		{6546AE76-6641-4351-8D7A-3F8A4CA757B9}.Release|x64.ActiveCfg = Release|x64
		{6546AE76-6641-4351-8D7A-3F8A4CA757B9}.Release|x64.Build.0 = Release|x64
		{6546AE76-6641-4351-8D7A-3F8A4CA757B9}.Release|x86.ActiveCfg = Release|x86
		{6546AE76-6641-4351-8D7A-3F8A4CA757B9}.Release|x86.Build.0 = Release|x86
		{EDA28DD0-D73B-488F-B017-E03BDEA993EC}.Debug|Any CPU.ActiveCfg = Debug|Any CPU
		{EDA28DD0-D73B-488F-B017-E03BDEA993EC}.Debug|Any CPU.Build.0 = Debug|Any CPU
		{EDA28DD0-D73B-488F-B017-E03BDEA993EC}.Debug|x64.ActiveCfg = Debug|x64
		{EDA28DD0-D73B-488F-B017-E03BDEA993EC}.Debug|x64.Build.0 = Debug|x64
		{EDA28DD0-D73B-488F-B017-E03BDEA993EC}.Debug|x86.ActiveCfg = Debug|x86
		{EDA28DD0-D73B-488F-B017-E03BDEA993EC}.Debug|x86.Build.0 = Debug|x86
		{EDA28DD0-D73B-488F-B017-E03BDEA993EC}.Release|Any CPU.ActiveCfg = Release|Any CPU
		{EDA28DD0-D73B-488F-B017-E03BDEA993EC}.Release|Any CPU.Build.0 = Release|Any CPU
		{EDA28DD0-D73B-488F-B017-E03BDEA993EC}.Release|x64.ActiveCfg = Release|x64
		{EDA28DD0-D73B-488F-B017-E03BDEA993EC}.Release|x64.Build.0 = Release|x64
		{EDA28DD0-D73B-488F-B017-E03BDEA993EC}.Release|x86.ActiveCfg = Release|x86
		{EDA28DD0-D73B-488F-B017-E03BDEA993EC}.Release|x86.Build.0 = Release|x86
	EndGlobalSection
	GlobalSection(SolutionProperties) = preSolution
		HideSolutionNode = FALSE
	EndGlobalSection
	GlobalSection(ExtensibilityGlobals) = postSolution
		SolutionGuid = {67136140-0514-4A62-BB43-BB66E0316424}
	EndGlobalSection
EndGlobal
