
Microsoft Visual Studio Solution File, Format Version 12.00
# Visual Studio Version 17
VisualStudioVersion = 17.14.36811.4
MinimumVisualStudioVersion = 10.0.40219.1
Project("{2150E333-8FDC-42A3-9474-1A3956D46DE8}") = "Solution Items", "Solution Items", "{04D29538-2776-4C78-8267-BFDF76A7C818}"
	ProjectSection(SolutionItems) = preProject
		..\.gitignore = ..\.gitignore
		..\.gitlab-ci.yml = ..\.gitlab-ci.yml
		build.ps1 = build.ps1
		clean.ps1 = clean.ps1
		config-decrypt.ps1 = config-decrypt.ps1
		config-encrypt.ps1 = config-encrypt.ps1
		..\LICENSE.md = ..\LICENSE.md
		..\README.md = ..\README.md
	EndProjectSection
EndProject
Project("{9A19103F-16F7-4668-BE54-9A1E7A4F7556}") = "Bhbk.Cli.Identity", "Bhbk.Cli.Identity\Bhbk.Cli.Identity.csproj", "{6F098B92-2647-4585-A421-F0A915F3F84C}"
EndProject
Project("{9A19103F-16F7-4668-BE54-9A1E7A4F7556}") = "Bhbk.Lib.Identity", "Bhbk.Lib.Identity\Bhbk.Lib.Identity.csproj", "{D594F163-1EBC-4647-B639-A25EA34F7677}"
EndProject
Project("{9A19103F-16F7-4668-BE54-9A1E7A4F7556}") = "Bhbk.Lib.Identity.Data.EF", "Bhbk.Lib.Identity.Data.EF\Bhbk.Lib.Identity.Data.EF.csproj", "{34C8DE7D-2D9D-47B1-A175-553B3ECE3001}"
EndProject
Project("{9A19103F-16F7-4668-BE54-9A1E7A4F7556}") = "Bhbk.Lib.Identity.Domain", "Bhbk.Lib.Identity.Domain\Bhbk.Lib.Identity.Domain.csproj", "{E4A82E68-3092-4958-BA9F-677CB40B6D53}"
EndProject
Project("{9A19103F-16F7-4668-BE54-9A1E7A4F7556}") = "Bhbk.Lib.Identity.Primitives", "Bhbk.Lib.Identity.Primitives\Bhbk.Lib.Identity.Primitives.csproj", "{4F56E6DF-37FD-49B6-ADAA-066CDC4E760E}"
EndProject
Project("{00D1A9C2-B5F0-4AF3-8072-F6C62B433612}") = "Bhbk.Mssql.Identity", "Bhbk.Mssql.Identity\Bhbk.Mssql.Identity.sqlproj", "{B707B63B-2F49-4E67-9EAB-DD667FB8944C}"
EndProject
Project("{9A19103F-16F7-4668-BE54-9A1E7A4F7556}") = "Bhbk.WebApi.Identity.Admin", "Bhbk.WebApi.Identity.Admin\Bhbk.WebApi.Identity.Admin.csproj", "{6D12E56A-5AEB-4CC2-A2B5-F545B7E32F42}"
EndProject
Project("{9A19103F-16F7-4668-BE54-9A1E7A4F7556}") = "Bhbk.WebApi.Identity.Sts", "Bhbk.WebApi.Identity.Sts\Bhbk.WebApi.Identity.Sts.csproj", "{6546AE76-6641-4351-8D7A-3F8A4CA757B9}"
EndProject
Project("{2150E333-8FDC-42A3-9474-1A3956D46DE8}") = "Tests", "Tests", "{1D86CEBC-1563-4EC7-BC30-EA868F00F44E}"
EndProject
Project("{FAE04EC0-301F-11D3-BF4B-00C04F79EFBC}") = "Bhbk.Lib.Identity.MCP", "Bhbk.Lib.Identity.MCP\Bhbk.Lib.Identity.MCP.csproj", "{34CB9A60-26C6-4F10-9B7D-A138878AD574}"
EndProject
Project("{FAE04EC0-301F-11D3-BF4B-00C04F79EFBC}") = "Bhbk.Lib.Identity.LLM", "Bhbk.Lib.Identity.LLM\Bhbk.Lib.Identity.LLM.csproj", "{FE6A9632-3399-4DFE-ACB8-6914A4378810}"
EndProject
Project("{FAE04EC0-301F-11D3-BF4B-00C04F79EFBC}") = "Bhbk.Test.Identity.Unit", "Bhbk.Test.Identity.Unit\Bhbk.Test.Identity.Unit.csproj", "{1A298776-9766-4FB4-824F-440EC173395D}"
EndProject
Project("{FAE04EC0-301F-11D3-BF4B-00C04F79EFBC}") = "Bhbk.Test.Identity.Integration", "Bhbk.Test.Identity.Integration\Bhbk.Test.Identity.Integration.csproj", "{37A8C148-0090-40BA-BE4E-DBAE46ED7725}"
EndProject
Project("{FAE04EC0-301F-11D3-BF4B-00C04F79EFBC}") = "Bhbk.Test.Identity.End2End", "Bhbk.Test.Identity.End2End\Bhbk.Test.Identity.End2End.csproj", "{F4995651-BAAD-4FA1-9DC0-CAC220CC878F}"
EndProject
Project("{FAE04EC0-301F-11D3-BF4B-00C04F79EFBC}") = "Bhbk.WebApi.Identity.User", "Bhbk.WebApi.Identity.User\Bhbk.WebApi.Identity.User.csproj", "{B8B83821-5FC0-82F2-6B1E-DC0EEFDB5469}"
EndProject
Project("{FAE04EC0-301F-11D3-BF4B-00C04F79EFBC}") = "Bhbk.Lib.Identity.Template", "Bhbk.Lib.Identity.Template\Bhbk.Lib.Identity.Template.csproj", "{11CD0B82-2BBC-4C7D-AF48-56D37703DC83}"
EndProject
Global
	GlobalSection(SolutionConfigurationPlatforms) = preSolution
		Debug|Any CPU = Debug|Any CPU
		Debug|x64 = Debug|x64
		Debug|x86 = Debug|x86
		Release|Any CPU = Release|Any CPU
		Release|x64 = Release|x64
		Release|x86 = Release|x86
	EndGlobalSection
	GlobalSection(ProjectConfigurationPlatforms) = postSolution
		{6F098B92-2647-4585-A421-F0A915F3F84C}.Debug|Any CPU.ActiveCfg = Debug|Any CPU
		{6F098B92-2647-4585-A421-F0A915F3F84C}.Debug|Any CPU.Build.0 = Debug|Any CPU
		{6F098B92-2647-4585-A421-F0A915F3F84C}.Debug|x64.ActiveCfg = Debug|Any CPU
		{6F098B92-2647-4585-A421-F0A915F3F84C}.Debug|x64.Build.0 = Debug|Any CPU
		{6F098B92-2647-4585-A421-F0A915F3F84C}.Debug|x86.ActiveCfg = Debug|Any CPU
		{6F098B92-2647-4585-A421-F0A915F3F84C}.Debug|x86.Build.0 = Debug|Any CPU
		{6F098B92-2647-4585-A421-F0A915F3F84C}.Release|Any CPU.ActiveCfg = Release|Any CPU
		{6F098B92-2647-4585-A421-F0A915F3F84C}.Release|Any CPU.Build.0 = Release|Any CPU
		{6F098B92-2647-4585-A421-F0A915F3F84C}.Release|x64.ActiveCfg = Release|Any CPU
		{6F098B92-2647-4585-A421-F0A915F3F84C}.Release|x64.Build.0 = Release|Any CPU
		{6F098B92-2647-4585-A421-F0A915F3F84C}.Release|x86.ActiveCfg = Release|Any CPU
		{6F098B92-2647-4585-A421-F0A915F3F84C}.Release|x86.Build.0 = Release|Any CPU
		{D594F163-1EBC-4647-B639-A25EA34F7677}.Debug|Any CPU.ActiveCfg = Debug|Any CPU
		{D594F163-1EBC-4647-B639-A25EA34F7677}.Debug|Any CPU.Build.0 = Debug|Any CPU
		{D594F163-1EBC-4647-B639-A25EA34F7677}.Debug|x64.ActiveCfg = Debug|Any CPU
		{D594F163-1EBC-4647-B639-A25EA34F7677}.Debug|x64.Build.0 = Debug|Any CPU
		{D594F163-1EBC-4647-B639-A25EA34F7677}.Debug|x86.ActiveCfg = Debug|Any CPU
		{D594F163-1EBC-4647-B639-A25EA34F7677}.Debug|x86.Build.0 = Debug|Any CPU
		{D594F163-1EBC-4647-B639-A25EA34F7677}.Release|Any CPU.ActiveCfg = Release|Any CPU
		{D594F163-1EBC-4647-B639-A25EA34F7677}.Release|Any CPU.Build.0 = Release|Any CPU
		{D594F163-1EBC-4647-B639-A25EA34F7677}.Release|x64.ActiveCfg = Release|Any CPU
		{D594F163-1EBC-4647-B639-A25EA34F7677}.Release|x64.Build.0 = Release|Any CPU
		{D594F163-1EBC-4647-B639-A25EA34F7677}.Release|x86.ActiveCfg = Release|Any CPU
		{D594F163-1EBC-4647-B639-A25EA34F7677}.Release|x86.Build.0 = Release|Any CPU
		{34C8DE7D-2D9D-47B1-A175-553B3ECE3001}.Debug|Any CPU.ActiveCfg = Debug|Any CPU
		{34C8DE7D-2D9D-47B1-A175-553B3ECE3001}.Debug|Any CPU.Build.0 = Debug|Any CPU
		{34C8DE7D-2D9D-47B1-A175-553B3ECE3001}.Debug|x64.ActiveCfg = Debug|Any CPU
		{34C8DE7D-2D9D-47B1-A175-553B3ECE3001}.Debug|x64.Build.0 = Debug|Any CPU
		{34C8DE7D-2D9D-47B1-A175-553B3ECE3001}.Debug|x86.ActiveCfg = Debug|Any CPU
		{34C8DE7D-2D9D-47B1-A175-553B3ECE3001}.Debug|x86.Build.0 = Debug|Any CPU
		{34C8DE7D-2D9D-47B1-A175-553B3ECE3001}.Release|Any CPU.ActiveCfg = Release|Any CPU
		{34C8DE7D-2D9D-47B1-A175-553B3ECE3001}.Release|Any CPU.Build.0 = Release|Any CPU
		{34C8DE7D-2D9D-47B1-A175-553B3ECE3001}.Release|x64.ActiveCfg = Release|Any CPU
		{34C8DE7D-2D9D-47B1-A175-553B3ECE3001}.Release|x64.Build.0 = Release|Any CPU
		{34C8DE7D-2D9D-47B1-A175-553B3ECE3001}.Release|x86.ActiveCfg = Release|Any CPU
		{34C8DE7D-2D9D-47B1-A175-553B3ECE3001}.Release|x86.Build.0 = Release|Any CPU
		{E4A82E68-3092-4958-BA9F-677CB40B6D53}.Debug|Any CPU.ActiveCfg = Debug|Any CPU
		{E4A82E68-3092-4958-BA9F-677CB40B6D53}.Debug|Any CPU.Build.0 = Debug|Any CPU
		{E4A82E68-3092-4958-BA9F-677CB40B6D53}.Debug|x64.ActiveCfg = Debug|Any CPU
		{E4A82E68-3092-4958-BA9F-677CB40B6D53}.Debug|x64.Build.0 = Debug|Any CPU
		{E4A82E68-3092-4958-BA9F-677CB40B6D53}.Debug|x86.ActiveCfg = Debug|Any CPU
		{E4A82E68-3092-4958-BA9F-677CB40B6D53}.Debug|x86.Build.0 = Debug|Any CPU
		{E4A82E68-3092-4958-BA9F-677CB40B6D53}.Release|Any CPU.ActiveCfg = Release|Any CPU
		{E4A82E68-3092-4958-BA9F-677CB40B6D53}.Release|Any CPU.Build.0 = Release|Any CPU
		{E4A82E68-3092-4958-BA9F-677CB40B6D53}.Release|x64.ActiveCfg = Release|Any CPU
		{E4A82E68-3092-4958-BA9F-677CB40B6D53}.Release|x64.Build.0 = Release|Any CPU
		{E4A82E68-3092-4958-BA9F-677CB40B6D53}.Release|x86.ActiveCfg = Release|Any CPU
		{E4A82E68-3092-4958-BA9F-677CB40B6D53}.Release|x86.Build.0 = Release|Any CPU
		{4F56E6DF-37FD-49B6-ADAA-066CDC4E760E}.Debug|Any CPU.ActiveCfg = Debug|Any CPU
		{4F56E6DF-37FD-49B6-ADAA-066CDC4E760E}.Debug|Any CPU.Build.0 = Debug|Any CPU
		{4F56E6DF-37FD-49B6-ADAA-066CDC4E760E}.Debug|x64.ActiveCfg = Debug|Any CPU
		{4F56E6DF-37FD-49B6-ADAA-066CDC4E760E}.Debug|x64.Build.0 = Debug|Any CPU
		{4F56E6DF-37FD-49B6-ADAA-066CDC4E760E}.Debug|x86.ActiveCfg = Debug|Any CPU
		{4F56E6DF-37FD-49B6-ADAA-066CDC4E760E}.Debug|x86.Build.0 = Debug|Any CPU
		{4F56E6DF-37FD-49B6-ADAA-066CDC4E760E}.Release|Any CPU.ActiveCfg = Release|Any CPU
		{4F56E6DF-37FD-49B6-ADAA-066CDC4E760E}.Release|Any CPU.Build.0 = Release|Any CPU
		{4F56E6DF-37FD-49B6-ADAA-066CDC4E760E}.Release|x64.ActiveCfg = Release|Any CPU
		{4F56E6DF-37FD-49B6-ADAA-066CDC4E760E}.Release|x64.Build.0 = Release|Any CPU
		{4F56E6DF-37FD-49B6-ADAA-066CDC4E760E}.Release|x86.ActiveCfg = Release|Any CPU
		{4F56E6DF-37FD-49B6-ADAA-066CDC4E760E}.Release|x86.Build.0 = Release|Any CPU
		{B707B63B-2F49-4E67-9EAB-DD667FB8944C}.Debug|Any CPU.ActiveCfg = Debug|Any CPU
		{B707B63B-2F49-4E67-9EAB-DD667FB8944C}.Debug|x64.ActiveCfg = Debug|x64
		{B707B63B-2F49-4E67-9EAB-DD667FB8944C}.Debug|x86.ActiveCfg = Debug|x86
		{B707B63B-2F49-4E67-9EAB-DD667FB8944C}.Release|Any CPU.ActiveCfg = Release|Any CPU
		{B707B63B-2F49-4E67-9EAB-DD667FB8944C}.Release|x64.ActiveCfg = Release|x64
		{B707B63B-2F49-4E67-9EAB-DD667FB8944C}.Release|x86.ActiveCfg = Release|x86
		{6D12E56A-5AEB-4CC2-A2B5-F545B7E32F42}.Debug|Any CPU.ActiveCfg = Debug|Any CPU
		{6D12E56A-5AEB-4CC2-A2B5-F545B7E32F42}.Debug|Any CPU.Build.0 = Debug|Any CPU
		{6D12E56A-5AEB-4CC2-A2B5-F545B7E32F42}.Debug|x64.ActiveCfg = Debug|Any CPU
		{6D12E56A-5AEB-4CC2-A2B5-F545B7E32F42}.Debug|x64.Build.0 = Debug|Any CPU
		{6D12E56A-5AEB-4CC2-A2B5-F545B7E32F42}.Debug|x86.ActiveCfg = Debug|Any CPU
		{6D12E56A-5AEB-4CC2-A2B5-F545B7E32F42}.Debug|x86.Build.0 = Debug|Any CPU
		{6D12E56A-5AEB-4CC2-A2B5-F545B7E32F42}.Release|Any CPU.ActiveCfg = Release|Any CPU
		{6D12E56A-5AEB-4CC2-A2B5-F545B7E32F42}.Release|Any CPU.Build.0 = Release|Any CPU
		{6D12E56A-5AEB-4CC2-A2B5-F545B7E32F42}.Release|x64.ActiveCfg = Release|Any CPU
		{6D12E56A-5AEB-4CC2-A2B5-F545B7E32F42}.Release|x64.Build.0 = Release|Any CPU
		{6D12E56A-5AEB-4CC2-A2B5-F545B7E32F42}.Release|x86.ActiveCfg = Release|Any CPU
		{6D12E56A-5AEB-4CC2-A2B5-F545B7E32F42}.Release|x86.Build.0 = Release|Any CPU
		{6546AE76-6641-4351-8D7A-3F8A4CA757B9}.Debug|Any CPU.ActiveCfg = Debug|Any CPU
		{6546AE76-6641-4351-8D7A-3F8A4CA757B9}.Debug|Any CPU.Build.0 = Debug|Any CPU
		{6546AE76-6641-4351-8D7A-3F8A4CA757B9}.Debug|x64.ActiveCfg = Debug|Any CPU
		{6546AE76-6641-4351-8D7A-3F8A4CA757B9}.Debug|x64.Build.0 = Debug|Any CPU
		{6546AE76-6641-4351-8D7A-3F8A4CA757B9}.Debug|x86.ActiveCfg = Debug|Any CPU
		{6546AE76-6641-4351-8D7A-3F8A4CA757B9}.Debug|x86.Build.0 = Debug|Any CPU
		{6546AE76-6641-4351-8D7A-3F8A4CA757B9}.Release|Any CPU.ActiveCfg = Release|Any CPU
		{6546AE76-6641-4351-8D7A-3F8A4CA757B9}.Release|Any CPU.Build.0 = Release|Any CPU
		{6546AE76-6641-4351-8D7A-3F8A4CA757B9}.Release|x64.ActiveCfg = Release|Any CPU
		{6546AE76-6641-4351-8D7A-3F8A4CA757B9}.Release|x64.Build.0 = Release|Any CPU
		{6546AE76-6641-4351-8D7A-3F8A4CA757B9}.Release|x86.ActiveCfg = Release|Any CPU
		{6546AE76-6641-4351-8D7A-3F8A4CA757B9}.Release|x86.Build.0 = Release|Any CPU
		{34CB9A60-26C6-4F10-9B7D-A138878AD574}.Debug|Any CPU.ActiveCfg = Debug|Any CPU
		{34CB9A60-26C6-4F10-9B7D-A138878AD574}.Debug|Any CPU.Build.0 = Debug|Any CPU
		{34CB9A60-26C6-4F10-9B7D-A138878AD574}.Debug|x64.ActiveCfg = Debug|Any CPU
		{34CB9A60-26C6-4F10-9B7D-A138878AD574}.Debug|x64.Build.0 = Debug|Any CPU
		{34CB9A60-26C6-4F10-9B7D-A138878AD574}.Debug|x86.ActiveCfg = Debug|Any CPU
		{34CB9A60-26C6-4F10-9B7D-A138878AD574}.Debug|x86.Build.0 = Debug|Any CPU
		{34CB9A60-26C6-4F10-9B7D-A138878AD574}.Release|Any CPU.ActiveCfg = Release|Any CPU
		{34CB9A60-26C6-4F10-9B7D-A138878AD574}.Release|Any CPU.Build.0 = Release|Any CPU
		{34CB9A60-26C6-4F10-9B7D-A138878AD574}.Release|x64.ActiveCfg = Release|Any CPU
		{34CB9A60-26C6-4F10-9B7D-A138878AD574}.Release|x64.Build.0 = Release|Any CPU
		{34CB9A60-26C6-4F10-9B7D-A138878AD574}.Release|x86.ActiveCfg = Release|Any CPU
		{34CB9A60-26C6-4F10-9B7D-A138878AD574}.Release|x86.Build.0 = Release|Any CPU
		{FE6A9632-3399-4DFE-ACB8-6914A4378810}.Debug|Any CPU.ActiveCfg = Debug|Any CPU
		{FE6A9632-3399-4DFE-ACB8-6914A4378810}.Debug|Any CPU.Build.0 = Debug|Any CPU
		{FE6A9632-3399-4DFE-ACB8-6914A4378810}.Debug|x64.ActiveCfg = Debug|Any CPU
		{FE6A9632-3399-4DFE-ACB8-6914A4378810}.Debug|x64.Build.0 = Debug|Any CPU
		{FE6A9632-3399-4DFE-ACB8-6914A4378810}.Debug|x86.ActiveCfg = Debug|Any CPU
		{FE6A9632-3399-4DFE-ACB8-6914A4378810}.Debug|x86.Build.0 = Debug|Any CPU
		{FE6A9632-3399-4DFE-ACB8-6914A4378810}.Release|Any CPU.ActiveCfg = Release|Any CPU
		{FE6A9632-3399-4DFE-ACB8-6914A4378810}.Release|Any CPU.Build.0 = Release|Any CPU
		{FE6A9632-3399-4DFE-ACB8-6914A4378810}.Release|x64.ActiveCfg = Release|Any CPU
		{FE6A9632-3399-4DFE-ACB8-6914A4378810}.Release|x64.Build.0 = Release|Any CPU
		{FE6A9632-3399-4DFE-ACB8-6914A4378810}.Release|x86.ActiveCfg = Release|Any CPU
		{FE6A9632-3399-4DFE-ACB8-6914A4378810}.Release|x86.Build.0 = Release|Any CPU
		{1A298776-9766-4FB4-824F-440EC173395D}.Debug|Any CPU.ActiveCfg = Debug|Any CPU
		{1A298776-9766-4FB4-824F-440EC173395D}.Debug|Any CPU.Build.0 = Debug|Any CPU
		{1A298776-9766-4FB4-824F-440EC173395D}.Debug|x64.ActiveCfg = Debug|Any CPU
		{1A298776-9766-4FB4-824F-440EC173395D}.Debug|x64.Build.0 = Debug|Any CPU
		{1A298776-9766-4FB4-824F-440EC173395D}.Debug|x86.ActiveCfg = Debug|Any CPU
		{1A298776-9766-4FB4-824F-440EC173395D}.Debug|x86.Build.0 = Debug|Any CPU
		{1A298776-9766-4FB4-824F-440EC173395D}.Release|Any CPU.ActiveCfg = Release|Any CPU
		{1A298776-9766-4FB4-824F-440EC173395D}.Release|Any CPU.Build.0 = Release|Any CPU
		{1A298776-9766-4FB4-824F-440EC173395D}.Release|x64.ActiveCfg = Release|Any CPU
		{1A298776-9766-4FB4-824F-440EC173395D}.Release|x64.Build.0 = Release|Any CPU
		{1A298776-9766-4FB4-824F-440EC173395D}.Release|x86.ActiveCfg = Release|Any CPU
		{1A298776-9766-4FB4-824F-440EC173395D}.Release|x86.Build.0 = Release|Any CPU
		{37A8C148-0090-40BA-BE4E-DBAE46ED7725}.Debug|Any CPU.ActiveCfg = Debug|Any CPU
		{37A8C148-0090-40BA-BE4E-DBAE46ED7725}.Debug|Any CPU.Build.0 = Debug|Any CPU
		{37A8C148-0090-40BA-BE4E-DBAE46ED7725}.Debug|x64.ActiveCfg = Debug|Any CPU
		{37A8C148-0090-40BA-BE4E-DBAE46ED7725}.Debug|x64.Build.0 = Debug|Any CPU
		{37A8C148-0090-40BA-BE4E-DBAE46ED7725}.Debug|x86.ActiveCfg = Debug|Any CPU
		{37A8C148-0090-40BA-BE4E-DBAE46ED7725}.Debug|x86.Build.0 = Debug|Any CPU
		{37A8C148-0090-40BA-BE4E-DBAE46ED7725}.Release|Any CPU.ActiveCfg = Release|Any CPU
		{37A8C148-0090-40BA-BE4E-DBAE46ED7725}.Release|Any CPU.Build.0 = Release|Any CPU
		{37A8C148-0090-40BA-BE4E-DBAE46ED7725}.Release|x64.ActiveCfg = Release|Any CPU
		{37A8C148-0090-40BA-BE4E-DBAE46ED7725}.Release|x64.Build.0 = Release|Any CPU
		{37A8C148-0090-40BA-BE4E-DBAE46ED7725}.Release|x86.ActiveCfg = Release|Any CPU
		{37A8C148-0090-40BA-BE4E-DBAE46ED7725}.Release|x86.Build.0 = Release|Any CPU
		{F4995651-BAAD-4FA1-9DC0-CAC220CC878F}.Debug|Any CPU.ActiveCfg = Debug|Any CPU
		{F4995651-BAAD-4FA1-9DC0-CAC220CC878F}.Debug|Any CPU.Build.0 = Debug|Any CPU
		{F4995651-BAAD-4FA1-9DC0-CAC220CC878F}.Debug|x64.ActiveCfg = Debug|Any CPU
		{F4995651-BAAD-4FA1-9DC0-CAC220CC878F}.Debug|x64.Build.0 = Debug|Any CPU
		{F4995651-BAAD-4FA1-9DC0-CAC220CC878F}.Debug|x86.ActiveCfg = Debug|Any CPU
		{F4995651-BAAD-4FA1-9DC0-CAC220CC878F}.Debug|x86.Build.0 = Debug|Any CPU
		{F4995651-BAAD-4FA1-9DC0-CAC220CC878F}.Release|Any CPU.ActiveCfg = Release|Any CPU
		{F4995651-BAAD-4FA1-9DC0-CAC220CC878F}.Release|Any CPU.Build.0 = Release|Any CPU
		{F4995651-BAAD-4FA1-9DC0-CAC220CC878F}.Release|x64.ActiveCfg = Release|Any CPU
		{F4995651-BAAD-4FA1-9DC0-CAC220CC878F}.Release|x64.Build.0 = Release|Any CPU
		{F4995651-BAAD-4FA1-9DC0-CAC220CC878F}.Release|x86.ActiveCfg = Release|Any CPU
		{F4995651-BAAD-4FA1-9DC0-CAC220CC878F}.Release|x86.Build.0 = Release|Any CPU
		{B8B83821-5FC0-82F2-6B1E-DC0EEFDB5469}.Debug|Any CPU.ActiveCfg = Debug|Any CPU
		{B8B83821-5FC0-82F2-6B1E-DC0EEFDB5469}.Debug|Any CPU.Build.0 = Debug|Any CPU
		{B8B83821-5FC0-82F2-6B1E-DC0EEFDB5469}.Debug|x64.ActiveCfg = Debug|Any CPU
		{B8B83821-5FC0-82F2-6B1E-DC0EEFDB5469}.Debug|x64.Build.0 = Debug|Any CPU
		{B8B83821-5FC0-82F2-6B1E-DC0EEFDB5469}.Debug|x86.ActiveCfg = Debug|Any CPU
		{B8B83821-5FC0-82F2-6B1E-DC0EEFDB5469}.Debug|x86.Build.0 = Debug|Any CPU
		{B8B83821-5FC0-82F2-6B1E-DC0EEFDB5469}.Release|Any CPU.ActiveCfg = Release|Any CPU
		{B8B83821-5FC0-82F2-6B1E-DC0EEFDB5469}.Release|Any CPU.Build.0 = Release|Any CPU
		{B8B83821-5FC0-82F2-6B1E-DC0EEFDB5469}.Release|x64.ActiveCfg = Release|Any CPU
		{B8B83821-5FC0-82F2-6B1E-DC0EEFDB5469}.Release|x64.Build.0 = Release|Any CPU
		{B8B83821-5FC0-82F2-6B1E-DC0EEFDB5469}.Release|x86.ActiveCfg = Release|Any CPU
		{B8B83821-5FC0-82F2-6B1E-DC0EEFDB5469}.Release|x86.Build.0 = Release|Any CPU
		{11CD0B82-2BBC-4C7D-AF48-56D37703DC83}.Debug|Any CPU.ActiveCfg = Debug|Any CPU
		{11CD0B82-2BBC-4C7D-AF48-56D37703DC83}.Debug|Any CPU.Build.0 = Debug|Any CPU
		{11CD0B82-2BBC-4C7D-AF48-56D37703DC83}.Debug|x64.ActiveCfg = Debug|Any CPU
		{11CD0B82-2BBC-4C7D-AF48-56D37703DC83}.Debug|x64.Build.0 = Debug|Any CPU
		{11CD0B82-2BBC-4C7D-AF48-56D37703DC83}.Debug|x86.ActiveCfg = Debug|Any CPU
		{11CD0B82-2BBC-4C7D-AF48-56D37703DC83}.Debug|x86.Build.0 = Debug|Any CPU
		{11CD0B82-2BBC-4C7D-AF48-56D37703DC83}.Release|Any CPU.ActiveCfg = Release|Any CPU
		{11CD0B82-2BBC-4C7D-AF48-56D37703DC83}.Release|Any CPU.Build.0 = Release|Any CPU
		{11CD0B82-2BBC-4C7D-AF48-56D37703DC83}.Release|x64.ActiveCfg = Release|Any CPU
		{11CD0B82-2BBC-4C7D-AF48-56D37703DC83}.Release|x64.Build.0 = Release|Any CPU
		{11CD0B82-2BBC-4C7D-AF48-56D37703DC83}.Release|x86.ActiveCfg = Release|Any CPU
		{11CD0B82-2BBC-4C7D-AF48-56D37703DC83}.Release|x86.Build.0 = Release|Any CPU
	EndGlobalSection
	GlobalSection(SolutionProperties) = preSolution
		HideSolutionNode = FALSE
	EndGlobalSection
	GlobalSection(NestedProjects) = preSolution
		{1A298776-9766-4FB4-824F-440EC173395D} = {1D86CEBC-1563-4EC7-BC30-EA868F00F44E}
		{37A8C148-0090-40BA-BE4E-DBAE46ED7725} = {1D86CEBC-1563-4EC7-BC30-EA868F00F44E}
		{F4995651-BAAD-4FA1-9DC0-CAC220CC878F} = {1D86CEBC-1563-4EC7-BC30-EA868F00F44E}
	EndGlobalSection
	GlobalSection(ExtensibilityGlobals) = postSolution
		SolutionGuid = {67136140-0514-4A62-BB43-BB66E0316424}
	EndGlobalSection
EndGlobal
